hash: d758684368815966d0cc5c0b850f35f3bda51d54485a0d860f65166c4421e5b3
updated: 2017-10-23T22:22:21.843172633+02:00
imports:
- name: github.com/ajg/form
  version: cc2954064ec9ea8d93917f0f87456e11d7b881ad
- name: github.com/flimzy/kivik
  version: bdc1a6f11df6ecb2be8e10115091262a6a310efa
  subpackages:
  - auth
  - authdb
  - collate
  - driver
  - driver/util
  - errors
  - serve/conf
  - serve/cookies
  - serve/couchserver
  - serve/logger
- name: github.com/fsnotify/fsnotify
  version: 4da3e2cfbabc9f751898f250b49f2439785783a1
- name: github.com/go-chi/chi
  version: 25354a53cca531cb2efd3f1d3c565d90ff04d802
  subpackages:
  - middleware
- name: github.com/hashicorp/hcl
  version: 23c074d0eceb2b8a5bfdbb271ab780cde70f05a8
  subpackages:
  - hcl/ast
  - hcl/parser
  - hcl/scanner
  - hcl/strconv
  - hcl/token
  - json/parser
  - json/scanner
  - json/token
- name: github.com/imdario/mergo
  version: 7fe0c75c13abdee74b09fcacef5ea1c6bba6a874
- name: github.com/magiconair/properties
  version: 8d7837e64d3c1ee4e54a880c5a920ab4316fc90a
- name: github.com/mitchellh/mapstructure
  version: 06020f85339e21b2478f756a78e295255ffa4d6a
- name: github.com/pelletier/go-toml
  version: 8c31c2ec65b208cc2ad1608bf25a3ff91adf1944
- name: github.com/pkg/errors
  version: 645ef00459ed84a119197bfb8d8205042c6df63d
- name: github.com/spf13/afero
  version: 5660eeed305fe5f69c8fc6cf899132a459a97064
  subpackages:
  - mem
- name: github.com/spf13/cast
  version: acbeb36b902d72a7a4c18e8f3241075e7ab763e4
- name: github.com/spf13/jwalterweatherman
  version: 12bd96e66386c1960ab0f74ced1362f66f552f7b
- name: github.com/spf13/pflag
  version: d16db1e50e33dff1b6cdf37596cef36742128670
- name: github.com/spf13/viper
  version: 25b30aa063fc18e48662b86996252eabdcf2f0c7
- name: golang.org/x/crypto
  version: 3cb07270c9455e8ad27956a70891c962d121a228
  subpackages:
  - pbkdf2
- name: golang.org/x/net
  version: 1a26cf06691746ee35aa7113c9b37289afc7ea28
  subpackages:
  - context
- name: golang.org/x/sys
  version: b699b7032584f0953262cb2788a0ca19bb494703
  subpackages:
  - unix
- name: golang.org/x/text
  version: c01e4764d870b77f8abe5096ee19ad20d80e8075
  subpackages:
  - transform
  - unicode/norm
- name: gopkg.in/yaml.v2
  version: eb3733d160e74a9c7e442f435eb3bea458e1d19f
testImports:
- name: github.com/davecgh/go-spew
  version: 346938d642f2ec3594ed81d874461961cd0faa76
  subpackages:
  - spew
- name: github.com/flimzy/diff
  version: cbbf57022d4b1c8923c8dd293fce1c2fd8945227
- name: github.com/go-kivik/mango
  version: 6447c9bcf24e71967adc9699cb87d8040483f0fd
- name: github.com/go-kivik/memorydb
  version: bc9fe85f9dfc729f7889fada4c034aec65e70fe9
- name: github.com/pmezard/go-difflib
  version: 792786c7400a136282c1664665ae0a8db921c6c2
  subpackages:
  - difflib
